{
  "nodes": {
    "blowfish": {
      "flake": false,
      "locked": {
        "lastModified": 1778711236,
        "narHash": "sha256-mf00ZdWC9hZj+JOyeJcGFILXkYwjIQegLYc+ACSx1H0=",
        "owner": "nunocoracao",
        "repo": "blowfish",
        "rev": "e9699d8c5da9a64a105eb8401fd2cf79c6015c6f",
        "type": "github"
      },
      "original": {
        "owner": "nunocoracao",
        "repo": "blowfish",
        "type": "github"
      }
    },
    "nix-config": {
      "flake": false,
      "locked": {
        "lastModified": 1779115643,
        "narHash": "sha256-8iT+dOQi71qEXoM/ndjYVoL1bQCDXFhs/Ajv++WIfyk=",
        "owner": "robbiejennings",
        "repo": "nix-config",
        "rev": "4733eb61f7279c494924bdc2f8029bda08c71a83",
        "type": "github"
      },
      "original": {
        "owner": "robbiejennings",
        "repo": "nix-config",
        "type": "github"
      }
    },
    "nixpkgs": {
      "locked": {
        "lastModified": 1778869304,
        "narHash": "sha256-30sZNZoA1cqF5JNO9fVX+wgiQYjB7HJqqJ4ztCDeBZE=",
        "owner": "NixOS",
        "repo": "nixpkgs",
        "rev": "d233902339c02a9c334e7e593de68855ad26c4cb",
        "type": "github"
      },
      "original": {
        "owner": "NixOS",
        "ref": "nixos-unstable",
        "repo": "nixpkgs",
        "type": "github"
      }
    },
    "root": {
      "inputs": {
        "blowfish": "blowfish",
        "nix-config": "nix-config",
        "nixpkgs": "nixpkgs"
      }
    }
  },
  "root": "root",
  "version": 7
}
