{
  "nodes": {
    "blowfish": {
      "flake": false,
      "locked": {
        "lastModified": 1776118157,
        "narHash": "sha256-Ke1uRYETXVq/htV5U11vJwuPeNdxWWWO5o+BJHrVorg=",
        "owner": "nunocoracao",
        "repo": "blowfish",
        "rev": "da8ca782aab44c54a61be25a71281348247c39f2",
        "type": "github"
      },
      "original": {
        "owner": "nunocoracao",
        "repo": "blowfish",
        "type": "github"
      }
    },
    "nixpkgs": {
      "locked": {
        "lastModified": 1777954456,
        "narHash": "sha256-hGdgeU2Nk87RAuZyYjyDjFL6LK7dAZN5RE9+hrDTkDU=",
        "owner": "NixOS",
        "repo": "nixpkgs",
        "rev": "549bd84d6279f9852cae6225e372cc67fb91a4c1",
        "type": "github"
      },
      "original": {
        "owner": "NixOS",
        "ref": "nixos-unstable",
        "repo": "nixpkgs",
        "type": "github"
      }
    },
    "root": {
      "inputs": {
        "blowfish": "blowfish",
        "nixpkgs": "nixpkgs"
      }
    }
  },
  "root": "root",
  "version": 7
}
