{
  "nodes": {
    "blowfish": {
      "flake": false,
      "locked": {
        "lastModified": 1778711236,
        "narHash": "sha256-mf00ZdWC9hZj+JOyeJcGFILXkYwjIQegLYc+ACSx1H0=",
        "owner": "nunocoracao",
        "repo": "blowfish",
        "rev": "e9699d8c5da9a64a105eb8401fd2cf79c6015c6f",
        "type": "github"
      },
      "original": {
        "owner": "nunocoracao",
        "repo": "blowfish",
        "type": "github"
      }
    },
    "nix-config": {
      "flake": false,
      "locked": {
        "lastModified": 1782958089,
        "narHash": "sha256-fGXVL4Jf8JGHjMnA091YBsdsXJfokBRREZLTWidrsck=",
        "owner": "robbiejennings",
        "repo": "nix-config",
        "rev": "a36a5b60c7eb0a7fd5429ec63c9f8a908de9c87d",
        "type": "github"
      },
      "original": {
        "owner": "robbiejennings",
        "repo": "nix-config",
        "type": "github"
      }
    },
    "nixpkgs": {
      "locked": {
        "lastModified": 1782723713,
        "narHash": "sha256-oPXCU/SSUokcGaJREHibG1CBX3+s/W7orDWQOZDsEeQ=",
        "owner": "NixOS",
        "repo": "nixpkgs",
        "rev": "b5aa0fbd538984f6e3d201be0005b4463d8b09f8",
        "type": "github"
      },
      "original": {
        "owner": "NixOS",
        "ref": "nixos-unstable",
        "repo": "nixpkgs",
        "type": "github"
      }
    },
    "root": {
      "inputs": {
        "blowfish": "blowfish",
        "nix-config": "nix-config",
        "nixpkgs": "nixpkgs"
      }
    }
  },
  "root": "root",
  "version": 7
}
